// !$*UTF8*$!
{
	archiveVersion = 1;
	classes = {
	};
	objectVersion = 46;
	objects = {

/* Begin PBXBuildFile section */
		76992B731B7D968F00C2271F /* main.m in Sources */ = {isa = PBXBuildFile; fileRef = 76992B721B7D968F00C2271F /* main.m */; };
		76992B761B7D968F00C2271F /* AppDelegate.m in Sources */ = {isa = PBXBuildFile; fileRef = 76992B751B7D968F00C2271F /* AppDelegate.m */; };
		76992B791B7D968F00C2271F /* ViewController.m in Sources */ = {isa = PBXBuildFile; fileRef = 76992B781B7D968F00C2271F /* ViewController.m */; };
		76992B7C1B7D968F00C2271F /* Main.storyboard in Resources */ = {isa = PBXBuildFile; fileRef = 76992B7A1B7D968F00C2271F /* Main.storyboard */; };
		76992B7E1B7D968F00C2271F /* Images.xcassets in Resources */ = {isa = PBXBuildFile; fileRef = 76992B7D1B7D968F00C2271F /* Images.xcassets */; };
		76992B811B7D968F00C2271F /* LaunchScreen.xib in Resources */ = {isa = PBXBuildFile; fileRef = 76992B7F1B7D968F00C2271F /* LaunchScreen.xib */; };
		76992B8D1B7D968F00C2271F /* TraditionalColorTests.m in Sources */ = {isa = PBXBuildFile; fileRef = 76992B8C1B7D968F00C2271F /* TraditionalColorTests.m */; };
		76992B981B7D995200C2271F /* UIColor+TraditionalColor.m in Sources */ = {isa = PBXBuildFile; fileRef = 76992B971B7D995200C2271F /* UIColor+TraditionalColor.m */; };
/* End PBXBuildFile section */

/* Begin PBXContainerItemProxy section */
		76992B871B7D968F00C2271F /* PBXContainerItemProxy */ = {
			isa = PBXContainerItemProxy;
			containerPortal = 76992B651B7D968F00C2271F /* Project object */;
			proxyType = 1;
			remoteGlobalIDString = 76992B6C1B7D968F00C2271F;
			remoteInfo = TraditionalColor;
		};
/* End PBXContainerItemProxy section */

/* Begin PBXFileReference section */
		76992B6D1B7D968F00C2271F /* TraditionalColor.app */ = {isa = PBXFileReference; explicitFileType = wrapper.application; includeInIndex = 0; path = TraditionalColor.app; sourceTree = BUILT_PRODUCTS_DIR; };
		76992B711B7D968F00C2271F /* Info.plist */ = {isa = PBXFileReference; lastKnownFileType = text.plist.xml; path = Info.plist; sourceTree = "<group>"; };
		76992B721B7D968F00C2271F /* main.m */ = {isa = PBXFileReference; lastKnownFileType = sourcecode.c.objc; path = main.m; sourceTree = "<group>"; };
		76992B741B7D968F00C2271F /* AppDelegate.h */ = {isa = PBXFileReference; lastKnownFileType = sourcecode.c.h; path = AppDelegate.h; sourceTree = "<group>"; };
		76992B751B7D968F00C2271F /* AppDelegate.m */ = {isa = PBXFileReference; lastKnownFileType = sourcecode.c.objc; path = AppDelegate.m; sourceTree = "<group>"; };
		76992B771B7D968F00C2271F /* ViewController.h */ = {isa = PBXFileReference; lastKnownFileType = sourcecode.c.h; path = ViewController.h; sourceTree = "<group>"; };
		76992B781B7D968F00C2271F /* ViewController.m */ = {isa = PBXFileReference; lastKnownFileType = sourcecode.c.objc; path = ViewController.m; sourceTree = "<group>"; };
		76992B7B1B7D968F00C2271F /* Base */ = {isa = PBXFileReference; lastKnownFileType = file.storyboard; name = Base; path = Base.lproj/Main.storyboard; sourceTree = "<group>"; };
		76992B7D1B7D968F00C2271F /* Images.xcassets */ = {isa = PBXFileReference; lastKnownFileType = folder.assetcatalog; path = Images.xcassets; sourceTree = "<group>"; };
		76992B801B7D968F00C2271F /* Base */ = {isa = PBXFileReference; lastKnownFileType = file.xib; name = Base; path = Base.lproj/LaunchScreen.xib; sourceTree = "<group>"; };
		76992B861B7D968F00C2271F /* TraditionalColorTests.xctest */ = {isa = PBXFileReference; explicitFileType = wrapper.cfbundle; includeInIndex = 0; path = TraditionalColorTests.xctest; sourceTree = BUILT_PRODUCTS_DIR; };
		76992B8B1B7D968F00C2271F /* Info.plist */ = {isa = PBXFileReference; lastKnownFileType = text.plist.xml; path = Info.plist; sourceTree = "<group>"; };
		76992B8C1B7D968F00C2271F /* TraditionalColorTests.m */ = {isa = PBXFileReference; lastKnownFileType = sourcecode.c.objc; path = TraditionalColorTests.m; sourceTree = "<group>"; };
		76992B961B7D995200C2271F /* UIColor+TraditionalColor.h */ = {isa = PBXFileReference; fileEncoding = 4; lastKnownFileType = sourcecode.c.h; path = "UIColor+TraditionalColor.h"; sourceTree = "<group>"; };
		76992B971B7D995200C2271F /* UIColor+TraditionalColor.m */ = {isa = PBXFileReference; fileEncoding = 4; lastKnownFileType = sourcecode.c.objc; path = "UIColor+TraditionalColor.m"; sourceTree = "<group>"; };
/* End PBXFileReference section */

/* Begin PBXFrameworksBuildPhase section */
		76992B6A1B7D968F00C2271F /* Frameworks */ = {
			isa = PBXFrameworksBuildPhase;
			buildActionMask = 2147483647;
			files = (
			);
			runOnlyForDeploymentPostprocessing = 0;
		};
		76992B831B7D968F00C2271F /* Frameworks */ = {
			isa = PBXFrameworksBuildPhase;
			buildActionMask = 2147483647;
			files = (
			);
			runOnlyForDeploymentPostprocessing = 0;
		};
/* End PBXFrameworksBuildPhase section */

/* Begin PBXGroup section */
		76992B641B7D968F00C2271F = {
			isa = PBXGroup;
			children = (
				76992B6F1B7D968F00C2271F /* TraditionalColor */,
				76992B891B7D968F00C2271F /* TraditionalColorTests */,
				76992B6E1B7D968F00C2271F /* Products */,
			);
			sourceTree = "<group>";
		};
		76992B6E1B7D968F00C2271F /* Products */ = {
			isa = PBXGroup;
			children = (
				76992B6D1B7D968F00C2271F /* TraditionalColor.app */,
				76992B861B7D968F00C2271F /* TraditionalColorTests.xctest */,
			);
			name = Products;
			sourceTree = "<group>";
		};
		76992B6F1B7D968F00C2271F /* TraditionalColor */ = {
			isa = PBXGroup;
			children = (
				76992B991B7D995800C2271F /* UIColor+TraditionalColor */,
				76992B741B7D968F00C2271F /* AppDelegate.h */,
				76992B751B7D968F00C2271F /* AppDelegate.m */,
				76992B771B7D968F00C2271F /* ViewController.h */,
				76992B781B7D968F00C2271F /* ViewController.m */,
				76992B7A1B7D968F00C2271F /* Main.storyboard */,
				76992B7D1B7D968F00C2271F /* Images.xcassets */,
				76992B7F1B7D968F00C2271F /* LaunchScreen.xib */,
				76992B701B7D968F00C2271F /* Supporting Files */,
			);
			path = TraditionalColor;
			sourceTree = "<group>";
		};
		76992B701B7D968F00C2271F /* Supporting Files */ = {
			isa = PBXGroup;
			children = (
				76992B711B7D968F00C2271F /* Info.plist */,
				76992B721B7D968F00C2271F /* main.m */,
			);
			name = "Supporting Files";
			sourceTree = "<group>";
		};
		76992B891B7D968F00C2271F /* TraditionalColorTests */ = {
			isa = PBXGroup;
			children = (
				76992B8C1B7D968F00C2271F /* TraditionalColorTests.m */,
				76992B8A1B7D968F00C2271F /* Supporting Files */,
			);
			path = TraditionalColorTests;
			sourceTree = "<group>";
		};
		76992B8A1B7D968F00C2271F /* Supporting Files */ = {
			isa = PBXGroup;
			children = (
				76992B8B1B7D968F00C2271F /* Info.plist */,
			);
			name = "Supporting Files";
			sourceTree = "<group>";
		};
		76992B991B7D995800C2271F /* UIColor+TraditionalColor */ = {
			isa = PBXGroup;
			children = (
				76992B961B7D995200C2271F /* UIColor+TraditionalColor.h */,
				76992B971B7D995200C2271F /* UIColor+TraditionalColor.m */,
			);
			name = "UIColor+TraditionalColor";
			sourceTree = "<group>";
		};
/* End PBXGroup section */

/* Begin PBXNativeTarget section */
		76992B6C1B7D968F00C2271F /* TraditionalColor */ = {
			isa = PBXNativeTarget;
			buildConfigurationList = 76992B901B7D968F00C2271F /* Build configuration list for PBXNativeTarget "TraditionalColor" */;
			buildPhases = (
				76992B691B7D968F00C2271F /* Sources */,
				76992B6A1B7D968F00C2271F /* Frameworks */,
				76992B6B1B7D968F00C2271F /* Resources */,
			);
			buildRules = (
			);
			dependencies = (
			);
			name = TraditionalColor;
			productName = TraditionalColor;
			productReference = 76992B6D1B7D968F00C2271F /* TraditionalColor.app */;
			productType = "com.apple.product-type.application";
		};
		76992B851B7D968F00C2271F /* TraditionalColorTests */ = {
			isa = PBXNativeTarget;
			buildConfigurationList = 76992B931B7D968F00C2271F /* Build configuration list for PBXNativeTarget "TraditionalColorTests" */;
			buildPhases = (
				76992B821B7D968F00C2271F /* Sources */,
				76992B831B7D968F00C2271F /* Frameworks */,
				76992B841B7D968F00C2271F /* Resources */,
			);
			buildRules = (
			);
			dependencies = (
				76992B881B7D968F00C2271F /* PBXTargetDependency */,
			);
			name = TraditionalColorTests;
			productName = TraditionalColorTests;
			productReference = 76992B861B7D968F00C2271F /* TraditionalColorTests.xctest */;
			productType = "com.apple.product-type.bundle.unit-test";
		};
/* End PBXNativeTarget section */

/* Begin PBXProject section */
		76992B651B7D968F00C2271F /* Project object */ = {
			isa = PBXProject;
			attributes = {
				LastUpgradeCheck = 0630;
				ORGANIZATIONNAME = "AN Dong";
				TargetAttributes = {
					76992B6C1B7D968F00C2271F = {
						CreatedOnToolsVersion = 6.3;
					};
					76992B851B7D968F00C2271F = {
						CreatedOnToolsVersion = 6.3;
						TestTargetID = 76992B6C1B7D968F00C2271F;
					};
				};
			};
			buildConfigurationList = 76992B681B7D968F00C2271F /* Build configuration list for PBXProject "TraditionalColor" */;
			compatibilityVersion = "Xcode 3.2";
			developmentRegion = English;
			hasScannedForEncodings = 0;
			knownRegions = (
				en,
				Base,
			);
			mainGroup = 76992B641B7D968F00C2271F;
			productRefGroup = 76992B6E1B7D968F00C2271F /* Products */;
			projectDirPath = "";
			projectRoot = "";
			targets = (
				76992B6C1B7D968F00C2271F /* TraditionalColor */,
				76992B851B7D968F00C2271F /* TraditionalColorTests */,
			);
		};
/* End PBXProject section */

/* Begin PBXResourcesBuildPhase section */
		76992B6B1B7D968F00C2271F /* Resources */ = {
			isa = PBXResourcesBuildPhase;
			buildActionMask = 2147483647;
			files = (
				76992B7C1B7D968F00C2271F /* Main.storyboard in Resources */,
				76992B811B7D968F00C2271F /* LaunchScreen.xib in Resources */,
				76992B7E1B7D968F00C2271F /* Images.xcassets in Resources */,
			);
			runOnlyForDeploymentPostprocessing = 0;
		};
		76992B841B7D968F00C2271F /* Resources */ = {
			isa = PBXResourcesBuildPhase;
			buildActionMask = 2147483647;
			files = (
			);
			runOnlyForDeploymentPostprocessing = 0;
		};
/* End PBXResourcesBuildPhase section */

/* Begin PBXSourcesBuildPhase section */
		76992B691B7D968F00C2271F /* Sources */ = {
			isa = PBXSourcesBuildPhase;
			buildActionMask = 2147483647;
			files = (
				76992B791B7D968F00C2271F /* ViewController.m in Sources */,
				76992B761B7D968F00C2271F /* AppDelegate.m in Sources */,
				76992B731B7D968F00C2271F /* main.m in Sources */,
				76992B981B7D995200C2271F /* UIColor+TraditionalColor.m in Sources */,
			);
			runOnlyForDeploymentPostprocessing = 0;
		};
		76992B821B7D968F00C2271F /* Sources */ = {
			isa = PBXSourcesBuildPhase;
			buildActionMask = 2147483647;
			files = (
				76992B8D1B7D968F00C2271F /* TraditionalColorTests.m in Sources */,
			);
			runOnlyForDeploymentPostprocessing = 0;
		};
/* End PBXSourcesBuildPhase section */

/* Begin PBXTargetDependency section */
		76992B881B7D968F00C2271F /* PBXTargetDependency */ = {
			isa = PBXTargetDependency;
			target = 76992B6C1B7D968F00C2271F /* TraditionalColor */;
			targetProxy = 76992B871B7D968F00C2271F /* PBXContainerItemProxy */;
		};
/* End PBXTargetDependency section */

/* Begin PBXVariantGroup section */
		76992B7A1B7D968F00C2271F /* Main.storyboard */ = {
			isa = PBXVariantGroup;
			children = (
				76992B7B1B7D968F00C2271F /* Base */,
			);
			name = Main.storyboard;
			sourceTree = "<group>";
		};
		76992B7F1B7D968F00C2271F /* LaunchScreen.xib */ = {
			isa = PBXVariantGroup;
			children = (
				76992B801B7D968F00C2271F /* Base */,
			);
			name = LaunchScreen.xib;
			sourceTree = "<group>";
		};
/* End PBXVariantGroup section */

/* Begin XCBuildConfiguration section */
		76992B8E1B7D968F00C2271F /* Debug */ = {
			isa = XCBuildConfiguration;
			buildSettings = {
				ALWAYS_SEARCH_USER_PATHS = NO;
				CLANG_CXX_LANGUAGE_STANDARD = "gnu++0x";
				CLANG_CXX_LIBRARY = "libc++";
				CLANG_ENABLE_MODULES = YES;
				CLANG_ENABLE_OBJC_ARC = YES;
				CLANG_WARN_BOOL_CONVERSION = YES;
				CLANG_WARN_CONSTANT_CONVERSION = YES;
				CLANG_WARN_DIRECT_OBJC_ISA_USAGE = YES_ERROR;
				CLANG_WARN_EMPTY_BODY = YES;
				CLANG_WARN_ENUM_CONVERSION = YES;
				CLANG_WARN_INT_CONVERSION = YES;
				CLANG_WARN_OBJC_ROOT_CLASS = YES_ERROR;
				CLANG_WARN_UNREACHABLE_CODE = YES;
				CLANG_WARN__DUPLICATE_METHOD_MATCH = YES;
				"CODE_SIGN_IDENTITY[sdk=iphoneos*]" = "iPhone Developer";
				COPY_PHASE_STRIP = NO;
				DEBUG_INFORMATION_FORMAT = "dwarf-with-dsym";
				ENABLE_STRICT_OBJC_MSGSEND = YES;
				GCC_C_LANGUAGE_STANDARD = gnu99;
				GCC_DYNAMIC_NO_PIC = NO;
				GCC_NO_COMMON_BLOCKS = YES;
				GCC_OPTIMIZATION_LEVEL = 0;
				GCC_PREPROCESSOR_DEFINITIONS = (
					"DEBUG=1",
					"$(inherited)",
				);
				GCC_SYMBOLS_PRIVATE_EXTERN = NO;
				GCC_WARN_64_TO_32_BIT_CONVERSION = YES;
				GCC_WARN_ABOUT_RETURN_TYPE = YES_ERROR;
				GCC_WARN_UNDECLARED_SELECTOR = YES;
				GCC_WARN_UNINITIALIZED_AUTOS = YES_AGGRESSIVE;
				GCC_WARN_UNUSED_FUNCTION = YES;
				GCC_WARN_UNUSED_VARIABLE = YES;
				IPHONEOS_DEPLOYMENT_TARGET = 8.3;
				MTL_ENABLE_DEBUG_INFO = YES;
				ONLY_ACTIVE_ARCH = YES;
				SDKROOT = iphoneos;
				TARGETED_DEVICE_FAMILY = "1,2";
			};
			name = Debug;
		};
		76992B8F1B7D968F00C2271F /* Release */ = {
			isa = XCBuildConfiguration;
			buildSettings = {
				ALWAYS_SEARCH_USER_PATHS = NO;
				CLANG_CXX_LANGUAGE_STANDARD = "gnu++0x";
				CLANG_CXX_LIBRARY = "libc++";
				CLANG_ENABLE_MODULES = YES;
				CLANG_ENABLE_OBJC_ARC = YES;
				CLANG_WARN_BOOL_CONVERSION = YES;
				CLANG_WARN_CONSTANT_CONVERSION = YES;
				CLANG_WARN_DIRECT_OBJC_ISA_USAGE = YES_ERROR;
				CLANG_WARN_EMPTY_BODY = YES;
				CLANG_WARN_ENUM_CONVERSION = YES;
				CLANG_WARN_INT_CONVERSION = YES;
				CLANG_WARN_OBJC_ROOT_CLASS = YES_ERROR;
				CLANG_WARN_UNREACHABLE_CODE = YES;
				CLANG_WARN__DUPLICATE_METHOD_MATCH = YES;
				"CODE_SIGN_IDENTITY[sdk=iphoneos*]" = "iPhone Developer";
				COPY_PHASE_STRIP = NO;
				DEBUG_INFORMATION_FORMAT = "dwarf-with-dsym";
				ENABLE_NS_ASSERTIONS = NO;
				ENABLE_STRICT_OBJC_MSGSEND = YES;
				GCC_C_LANGUAGE_STANDARD = gnu99;
				GCC_NO_COMMON_BLOCKS = YES;
				GCC_WARN_64_TO_32_BIT_CONVERSION = YES;
				GCC_WARN_ABOUT_RETURN_TYPE = YES_ERROR;
				GCC_WARN_UNDECLARED_SELECTOR = YES;
				GCC_WARN_UNINITIALIZED_AUTOS = YES_AGGRESSIVE;
				GCC_WARN_UNUSED_FUNCTION = YES;
				GCC_WARN_UNUSED_VARIABLE = YES;
				IPHONEOS_DEPLOYMENT_TARGET = 8.3;
				MTL_ENABLE_DEBUG_INFO = NO;
				SDKROOT = iphoneos;
				TARGETED_DEVICE_FAMILY = "1,2";
				VALIDATE_PRODUCT = YES;
			};
			name = Release;
		};
		76992B911B7D968F00C2271F /* Debug */ = {
			isa = XCBuildConfiguration;
			buildSettings = {
				ASSETCATALOG_COMPILER_APPICON_NAME = AppIcon;
				INFOPLIST_FILE = TraditionalColor/Info.plist;
				IPHONEOS_DEPLOYMENT_TARGET = 8.0;
				LD_RUNPATH_SEARCH_PATHS = "$(inherited) @executable_path/Frameworks";
				PRODUCT_NAME = "$(TARGET_NAME)";
			};
			name = Debug;
		};
		76992B921B7D968F00C2271F /* Release */ = {
			isa = XCBuildConfiguration;
			buildSettings = {
				ASSETCATALOG_COMPILER_APPICON_NAME = AppIcon;
				INFOPLIST_FILE = TraditionalColor/Info.plist;
				IPHONEOS_DEPLOYMENT_TARGET = 8.0;
				LD_RUNPATH_SEARCH_PATHS = "$(inherited) @executable_path/Frameworks";
				PRODUCT_NAME = "$(TARGET_NAME)";
			};
			name = Release;
		};
		76992B941B7D968F00C2271F /* Debug */ = {
			isa = XCBuildConfiguration;
			buildSettings = {
				BUNDLE_LOADER = "$(TEST_HOST)";
				FRAMEWORK_SEARCH_PATHS = (
					"$(SDKROOT)/Developer/Library/Frameworks",
					"$(inherited)",
				);
				GCC_PREPROCESSOR_DEFINITIONS = (
					"DEBUG=1",
					"$(inherited)",
				);
				INFOPLIST_FILE = TraditionalColorTests/Info.plist;
				LD_RUNPATH_SEARCH_PATHS = "$(inherited) @executable_path/Frameworks @loader_path/Frameworks";
				PRODUCT_NAME = "$(TARGET_NAME)";
				TEST_HOST = "$(BUILT_PRODUCTS_DIR)/TraditionalColor.app/TraditionalColor";
			};
			name = Debug;
		};
		76992B951B7D968F00C2271F /* Release */ = {
			isa = XCBuildConfiguration;
			buildSettings = {
				BUNDLE_LOADER = "$(TEST_HOST)";
				FRAMEWORK_SEARCH_PATHS = (
					"$(SDKROOT)/Developer/Library/Frameworks",
					"$(inherited)",
				);
				INFOPLIST_FILE = TraditionalColorTests/Info.plist;
				LD_RUNPATH_SEARCH_PATHS = "$(inherited) @executable_path/Frameworks @loader_path/Frameworks";
				PRODUCT_NAME = "$(TARGET_NAME)";
				TEST_HOST = "$(BUILT_PRODUCTS_DIR)/TraditionalColor.app/TraditionalColor";
			};
			name = Release;
		};
/* End XCBuildConfiguration section */

/* Begin XCConfigurationList section */
		76992B681B7D968F00C2271F /* Build configuration list for PBXProject "TraditionalColor" */ = {
			isa = XCConfigurationList;
			buildConfigurations = (
				76992B8E1B7D968F00C2271F /* Debug */,
				76992B8F1B7D968F00C2271F /* Release */,
			);
			defaultConfigurationIsVisible = 0;
			defaultConfigurationName = Release;
		};
		76992B901B7D968F00C2271F /* Build configuration list for PBXNativeTarget "TraditionalColor" */ = {
			isa = XCConfigurationList;
			buildConfigurations = (
				76992B911B7D968F00C2271F /* Debug */,
				76992B921B7D968F00C2271F /* Release */,
			);
			defaultConfigurationIsVisible = 0;
		};
		76992B931B7D968F00C2271F /* Build configuration list for PBXNativeTarget "TraditionalColorTests" */ = {
			isa = XCConfigurationList;
			buildConfigurations = (
				76992B941B7D968F00C2271F /* Debug */,
				76992B951B7D968F00C2271F /* Release */,
			);
			defaultConfigurationIsVisible = 0;
		};
/* End XCConfigurationList section */
	};
	rootObject = 76992B651B7D968F00C2271F /* Project object */;
}
